<?xml version="1.0" encoding="utf-8"?>
<Project ToolsVersion="16.0" xmlns="http://schemas.microsoft.com/developer/msbuild/2003">
  <ItemGroup>
    <CustomBuild Include="D:\ENPC\S5\REOP\projet\code_C++\CMakeFiles\9b6605ea63e14702424db0891bb65584\generate.stamp.rule">
      <Filter>CMake Rules</Filter>
    </CustomBuild>
  </ItemGroup>
  <ItemGroup>
    <Filter Include="CMake Rules">
      <UniqueIdentifier>{F4C864D4-B8EF-370A-A6F6-8CE75187EBB0}</UniqueIdentifier>
    </Filter>
  </ItemGroup>
</Project>
